// !$*UTF8*$!
{
	archiveVersion = 1;
	classes = {
	};
	objectVersion = 56;
	objects = {

/* Begin PBXBuildFile section */
		00152AF52BA213B700820D01 /* FrameWorkDetailView.swift in Sources */ = {isa = PBXBuildFile; fileRef = 00152AF42BA213B700820D01 /* FrameWorkDetailView.swift */; };
		00152AF72BA216C500820D01 /* AFButton.swift in Sources */ = {isa = PBXBuildFile; fileRef = 00152AF62BA216C500820D01 /* AFButton.swift */; };
		00152AF92BA2B8E500820D01 /* FrameworkGridViewModel.swift in Sources */ = {isa = PBXBuildFile; fileRef = 00152AF82BA2B8E500820D01 /* FrameworkGridViewModel.swift */; };
		00152AFB2BB334E800820D01 /* SafariView.swift in Sources */ = {isa = PBXBuildFile; fileRef = 00152AFA2BB334E800820D01 /* SafariView.swift */; };
		00152AFD2BB5DD5200820D01 /* FrameWorkTitleView.swift in Sources */ = {isa = PBXBuildFile; fileRef = 00152AFC2BB5DD5200820D01 /* FrameWorkTitleView.swift */; };
		00152AFF2BB5DE9D00820D01 /* XDismissButton.swift in Sources */ = {isa = PBXBuildFile; fileRef = 00152AFE2BB5DE9D00820D01 /* XDismissButton.swift */; };
		00BF80702B9EE21B00D257A1 /* A_FrameworksApp.swift in Sources */ = {isa = PBXBuildFile; fileRef = 00BF806F2B9EE21B00D257A1 /* A_FrameworksApp.swift */; };
		00BF80742B9EE21E00D257A1 /* Assets.xcassets in Resources */ = {isa = PBXBuildFile; fileRef = 00BF80732B9EE21E00D257A1 /* Assets.xcassets */; };
		00BF80772B9EE21E00D257A1 /* Preview Assets.xcassets in Resources */ = {isa = PBXBuildFile; fileRef = 00BF80762B9EE21E00D257A1 /* Preview Assets.xcassets */; };
		00BF807E2B9EE27B00D257A1 /* Framework.swift in Sources */ = {isa = PBXBuildFile; fileRef = 00BF807D2B9EE27B00D257A1 /* Framework.swift */; };
		00BF80822B9EE55200D257A1 /* FrameworkGridView.swift in Sources */ = {isa = PBXBuildFile; fileRef = 00BF80812B9EE55200D257A1 /* FrameworkGridView.swift */; };
/* End PBXBuildFile section */

/* Begin PBXFileReference section */
		00152AF42BA213B700820D01 /* FrameWorkDetailView.swift */ = {isa = PBXFileReference; lastKnownFileType = sourcecode.swift; path = FrameWorkDetailView.swift; sourceTree = "<group>"; };
		00152AF62BA216C500820D01 /* AFButton.swift */ = {isa = PBXFileReference; lastKnownFileType = sourcecode.swift; path = AFButton.swift; sourceTree = "<group>"; };
		00152AF82BA2B8E500820D01 /* FrameworkGridViewModel.swift */ = {isa = PBXFileReference; lastKnownFileType = sourcecode.swift; path = FrameworkGridViewModel.swift; sourceTree = "<group>"; };
		00152AFA2BB334E800820D01 /* SafariView.swift */ = {isa = PBXFileReference; lastKnownFileType = sourcecode.swift; path = SafariView.swift; sourceTree = "<group>"; };
		00152AFC2BB5DD5200820D01 /* FrameWorkTitleView.swift */ = {isa = PBXFileReference; lastKnownFileType = sourcecode.swift; path = FrameWorkTitleView.swift; sourceTree = "<group>"; };
		00152AFE2BB5DE9D00820D01 /* XDismissButton.swift */ = {isa = PBXFileReference; lastKnownFileType = sourcecode.swift; path = XDismissButton.swift; sourceTree = "<group>"; };
		00BF806C2B9EE21B00D257A1 /* A-Frameworks.app */ = {isa = PBXFileReference; explicitFileType = wrapper.application; includeInIndex = 0; path = "A-Frameworks.app"; sourceTree = BUILT_PRODUCTS_DIR; };
		00BF806F2B9EE21B00D257A1 /* A_FrameworksApp.swift */ = {isa = PBXFileReference; lastKnownFileType = sourcecode.swift; path = A_FrameworksApp.swift; sourceTree = "<group>"; };
		00BF80732B9EE21E00D257A1 /* Assets.xcassets */ = {isa = PBXFileReference; lastKnownFileType = folder.assetcatalog; path = Assets.xcassets; sourceTree = "<group>"; };
		00BF80762B9EE21E00D257A1 /* Preview Assets.xcassets */ = {isa = PBXFileReference; lastKnownFileType = folder.assetcatalog; path = "Preview Assets.xcassets"; sourceTree = "<group>"; };
		00BF807D2B9EE27B00D257A1 /* Framework.swift */ = {isa = PBXFileReference; lastKnownFileType = sourcecode.swift; path = Framework.swift; sourceTree = "<group>"; };
		00BF80812B9EE55200D257A1 /* FrameworkGridView.swift */ = {isa = PBXFileReference; lastKnownFileType = sourcecode.swift; path = FrameworkGridView.swift; sourceTree = "<group>"; };
/* End PBXFileReference section */

/* Begin PBXFrameworksBuildPhase section */
		00BF80692B9EE21B00D257A1 /* Frameworks */ = {
			isa = PBXFrameworksBuildPhase;
			buildActionMask = 2147483647;
			files = (
			);
			runOnlyForDeploymentPostprocessing = 0;
		};
/* End PBXFrameworksBuildPhase section */

/* Begin PBXGroup section */
		00152B002BB881EF00820D01 /* Screens */ = {
			isa = PBXGroup;
			children = (
				00152B022BB8826F00820D01 /* FrameworkDetailView */,
				00152B012BB8821B00820D01 /* FrameworkGreedView */,
			);
			path = Screens;
			sourceTree = "<group>";
		};
		00152B012BB8821B00820D01 /* FrameworkGreedView */ = {
			isa = PBXGroup;
			children = (
				00BF80812B9EE55200D257A1 /* FrameworkGridView.swift */,
				00152AF82BA2B8E500820D01 /* FrameworkGridViewModel.swift */,
			);
			path = FrameworkGreedView;
			sourceTree = "<group>";
		};
		00152B022BB8826F00820D01 /* FrameworkDetailView */ = {
			isa = PBXGroup;
			children = (
				00152AF42BA213B700820D01 /* FrameWorkDetailView.swift */,
			);
			path = FrameworkDetailView;
			sourceTree = "<group>";
		};
		00152B032BB882A600820D01 /* Model */ = {
			isa = PBXGroup;
			children = (
				00BF807D2B9EE27B00D257A1 /* Framework.swift */,
			);
			path = Model;
			sourceTree = "<group>";
		};
		00152B042BB882FB00820D01 /* Views */ = {
			isa = PBXGroup;
			children = (
				00152B062BB8832500820D01 /* View */,
				00152B052BB8830200820D01 /* Buttons */,
			);
			path = Views;
			sourceTree = "<group>";
		};
		00152B052BB8830200820D01 /* Buttons */ = {
			isa = PBXGroup;
			children = (
				00152AF62BA216C500820D01 /* AFButton.swift */,
				00152AFE2BB5DE9D00820D01 /* XDismissButton.swift */,
			);
			path = Buttons;
			sourceTree = "<group>";
		};
		00152B062BB8832500820D01 /* View */ = {
			isa = PBXGroup;
			children = (
				00152AFC2BB5DD5200820D01 /* FrameWorkTitleView.swift */,
			);
			path = View;
			sourceTree = "<group>";
		};
		00152B072BB8834300820D01 /* UIKitComponents */ = {
			isa = PBXGroup;
			children = (
				00152AFA2BB334E800820D01 /* SafariView.swift */,
			);
			path = UIKitComponents;
			sourceTree = "<group>";
		};
		00BF80632B9EE21B00D257A1 = {
			isa = PBXGroup;
			children = (
				00BF806E2B9EE21B00D257A1 /* A-Frameworks */,
				00BF806D2B9EE21B00D257A1 /* Products */,
			);
			sourceTree = "<group>";
		};
		00BF806D2B9EE21B00D257A1 /* Products */ = {
			isa = PBXGroup;
			children = (
				00BF806C2B9EE21B00D257A1 /* A-Frameworks.app */,
			);
			name = Products;
			sourceTree = "<group>";
		};
		00BF806E2B9EE21B00D257A1 /* A-Frameworks */ = {
			isa = PBXGroup;
			children = (
				00152B072BB8834300820D01 /* UIKitComponents */,
				00152B042BB882FB00820D01 /* Views */,
				00152B032BB882A600820D01 /* Model */,
				00152B002BB881EF00820D01 /* Screens */,
				00BF806F2B9EE21B00D257A1 /* A_FrameworksApp.swift */,
				00BF80732B9EE21E00D257A1 /* Assets.xcassets */,
				00BF80752B9EE21E00D257A1 /* Preview Content */,
			);
			path = "A-Frameworks";
			sourceTree = "<group>";
		};
		00BF80752B9EE21E00D257A1 /* Preview Content */ = {
			isa = PBXGroup;
			children = (
				00BF80762B9EE21E00D257A1 /* Preview Assets.xcassets */,
			);
			path = "Preview Content";
			sourceTree = "<group>";
		};
/* End PBXGroup section */

/* Begin PBXNativeTarget section */
		00BF806B2B9EE21B00D257A1 /* A-Frameworks */ = {
			isa = PBXNativeTarget;
			buildConfigurationList = 00BF807A2B9EE21E00D257A1 /* Build configuration list for PBXNativeTarget "A-Frameworks" */;
			buildPhases = (
				00BF80682B9EE21B00D257A1 /* Sources */,
				00BF80692B9EE21B00D257A1 /* Frameworks */,
				00BF806A2B9EE21B00D257A1 /* Resources */,
			);
			buildRules = (
			);
			dependencies = (
			);
			name = "A-Frameworks";
			productName = "A-Frameworks";
			productReference = 00BF806C2B9EE21B00D257A1 /* A-Frameworks.app */;
			productType = "com.apple.product-type.application";
		};
/* End PBXNativeTarget section */

/* Begin PBXProject section */
		00BF80642B9EE21B00D257A1 /* Project object */ = {
			isa = PBXProject;
			attributes = {
				BuildIndependentTargetsInParallel = 1;
				LastSwiftUpdateCheck = 1530;
				LastUpgradeCheck = 1530;
				TargetAttributes = {
					00BF806B2B9EE21B00D257A1 = {
						CreatedOnToolsVersion = 15.3;
					};
				};
			};
			buildConfigurationList = 00BF80672B9EE21B00D257A1 /* Build configuration list for PBXProject "A-Frameworks" */;
			compatibilityVersion = "Xcode 14.0";
			developmentRegion = en;
			hasScannedForEncodings = 0;
			knownRegions = (
				en,
				Base,
			);
			mainGroup = 00BF80632B9EE21B00D257A1;
			productRefGroup = 00BF806D2B9EE21B00D257A1 /* Products */;
			projectDirPath = "";
			projectRoot = "";
			targets = (
				00BF806B2B9EE21B00D257A1 /* A-Frameworks */,
			);
		};
/* End PBXProject section */

/* Begin PBXResourcesBuildPhase section */
		00BF806A2B9EE21B00D257A1 /* Resources */ = {
			isa = PBXResourcesBuildPhase;
			buildActionMask = 2147483647;
			files = (
				00BF80772B9EE21E00D257A1 /* Preview Assets.xcassets in Resources */,
				00BF80742B9EE21E00D257A1 /* Assets.xcassets in Resources */,
			);
			runOnlyForDeploymentPostprocessing = 0;
		};
/* End PBXResourcesBuildPhase section */

/* Begin PBXSourcesBuildPhase section */
		00BF80682B9EE21B00D257A1 /* Sources */ = {
			isa = PBXSourcesBuildPhase;
			buildActionMask = 2147483647;
			files = (
				00152AF52BA213B700820D01 /* FrameWorkDetailView.swift in Sources */,
				00BF80822B9EE55200D257A1 /* FrameworkGridView.swift in Sources */,
				00152AFF2BB5DE9D00820D01 /* XDismissButton.swift in Sources */,
				00BF807E2B9EE27B00D257A1 /* Framework.swift in Sources */,
				00152AF72BA216C500820D01 /* AFButton.swift in Sources */,
				00BF80702B9EE21B00D257A1 /* A_FrameworksApp.swift in Sources */,
				00152AF92BA2B8E500820D01 /* FrameworkGridViewModel.swift in Sources */,
				00152AFD2BB5DD5200820D01 /* FrameWorkTitleView.swift in Sources */,
				00152AFB2BB334E800820D01 /* SafariView.swift in Sources */,
			);
			runOnlyForDeploymentPostprocessing = 0;
		};
/* End PBXSourcesBuildPhase section */

/* Begin XCBuildConfiguration section */
		00BF80782B9EE21E00D257A1 /* Debug */ = {
			isa = XCBuildConfiguration;
			buildSettings = {
				ALWAYS_SEARCH_USER_PATHS = NO;
				ASSETCATALOG_COMPILER_GENERATE_SWIFT_ASSET_SYMBOL_EXTENSIONS = YES;
				CLANG_ANALYZER_NONNULL = YES;
				CLANG_ANALYZER_NUMBER_OBJECT_CONVERSION = YES_AGGRESSIVE;
				CLANG_CXX_LANGUAGE_STANDARD = "gnu++20";
				CLANG_ENABLE_MODULES = YES;
				CLANG_ENABLE_OBJC_ARC = YES;
				CLANG_ENABLE_OBJC_WEAK = YES;
				CLANG_WARN_BLOCK_CAPTURE_AUTORELEASING = YES;
				CLANG_WARN_BOOL_CONVERSION = YES;
				CLANG_WARN_COMMA = YES;
				CLANG_WARN_CONSTANT_CONVERSION = YES;
				CLANG_WARN_DEPRECATED_OBJC_IMPLEMENTATIONS = YES;
				CLANG_WARN_DIRECT_OBJC_ISA_USAGE = YES_ERROR;
				CLANG_WARN_DOCUMENTATION_COMMENTS = YES;
				CLANG_WARN_EMPTY_BODY = YES;
				CLANG_WARN_ENUM_CONVERSION = YES;
				CLANG_WARN_INFINITE_RECURSION = YES;
				CLANG_WARN_INT_CONVERSION = YES;
				CLANG_WARN_NON_LITERAL_NULL_CONVERSION = YES;
				CLANG_WARN_OBJC_IMPLICIT_RETAIN_SELF = YES;
				CLANG_WARN_OBJC_LITERAL_CONVERSION = YES;
				CLANG_WARN_OBJC_ROOT_CLASS = YES_ERROR;
				CLANG_WARN_QUOTED_INCLUDE_IN_FRAMEWORK_HEADER = YES;
				CLANG_WARN_RANGE_LOOP_ANALYSIS = YES;
				CLANG_WARN_STRICT_PROTOTYPES = YES;
				CLANG_WARN_SUSPICIOUS_MOVE = YES;
				CLANG_WARN_UNGUARDED_AVAILABILITY = YES_AGGRESSIVE;
				CLANG_WARN_UNREACHABLE_CODE = YES;
				CLANG_WARN__DUPLICATE_METHOD_MATCH = YES;
				COPY_PHASE_STRIP = NO;
				DEBUG_INFORMATION_FORMAT = dwarf;
				ENABLE_STRICT_OBJC_MSGSEND = YES;
				ENABLE_TESTABILITY = YES;
				ENABLE_USER_SCRIPT_SANDBOXING = YES;
				GCC_C_LANGUAGE_STANDARD = gnu17;
				GCC_DYNAMIC_NO_PIC = NO;
				GCC_NO_COMMON_BLOCKS = YES;
				GCC_OPTIMIZATION_LEVEL = 0;
				GCC_PREPROCESSOR_DEFINITIONS = (
					"DEBUG=1",
					"$(inherited)",
				);
				GCC_WARN_64_TO_32_BIT_CONVERSION = YES;
				GCC_WARN_ABOUT_RETURN_TYPE = YES_ERROR;
				GCC_WARN_UNDECLARED_SELECTOR = YES;
				GCC_WARN_UNINITIALIZED_AUTOS = YES_AGGRESSIVE;
				GCC_WARN_UNUSED_FUNCTION = YES;
				GCC_WARN_UNUSED_VARIABLE = YES;
				IPHONEOS_DEPLOYMENT_TARGET = 17.4;
				LOCALIZATION_PREFERS_STRING_CATALOGS = YES;
				MTL_ENABLE_DEBUG_INFO = INCLUDE_SOURCE;
				MTL_FAST_MATH = YES;
				ONLY_ACTIVE_ARCH = YES;
				SDKROOT = iphoneos;
				SWIFT_ACTIVE_COMPILATION_CONDITIONS = "DEBUG $(inherited)";
				SWIFT_OPTIMIZATION_LEVEL = "-Onone";
			};
			name = Debug;
		};
		00BF80792B9EE21E00D257A1 /* Release */ = {
			isa = XCBuildConfiguration;
			buildSettings = {
				ALWAYS_SEARCH_USER_PATHS = NO;
				ASSETCATALOG_COMPILER_GENERATE_SWIFT_ASSET_SYMBOL_EXTENSIONS = YES;
				CLANG_ANALYZER_NONNULL = YES;
				CLANG_ANALYZER_NUMBER_OBJECT_CONVERSION = YES_AGGRESSIVE;
				CLANG_CXX_LANGUAGE_STANDARD = "gnu++20";
				CLANG_ENABLE_MODULES = YES;
				CLANG_ENABLE_OBJC_ARC = YES;
				CLANG_ENABLE_OBJC_WEAK = YES;
				CLANG_WARN_BLOCK_CAPTURE_AUTORELEASING = YES;
				CLANG_WARN_BOOL_CONVERSION = YES;
				CLANG_WARN_COMMA = YES;
				CLANG_WARN_CONSTANT_CONVERSION = YES;
				CLANG_WARN_DEPRECATED_OBJC_IMPLEMENTATIONS = YES;
				CLANG_WARN_DIRECT_OBJC_ISA_USAGE = YES_ERROR;
				CLANG_WARN_DOCUMENTATION_COMMENTS = YES;
				CLANG_WARN_EMPTY_BODY = YES;
				CLANG_WARN_ENUM_CONVERSION = YES;
				CLANG_WARN_INFINITE_RECURSION = YES;
				CLANG_WARN_INT_CONVERSION = YES;
				CLANG_WARN_NON_LITERAL_NULL_CONVERSION = YES;
				CLANG_WARN_OBJC_IMPLICIT_RETAIN_SELF = YES;
				CLANG_WARN_OBJC_LITERAL_CONVERSION = YES;
				CLANG_WARN_OBJC_ROOT_CLASS = YES_ERROR;
				CLANG_WARN_QUOTED_INCLUDE_IN_FRAMEWORK_HEADER = YES;
				CLANG_WARN_RANGE_LOOP_ANALYSIS = YES;
				CLANG_WARN_STRICT_PROTOTYPES = YES;
				CLANG_WARN_SUSPICIOUS_MOVE = YES;
				CLANG_WARN_UNGUARDED_AVAILABILITY = YES_AGGRESSIVE;
				CLANG_WARN_UNREACHABLE_CODE = YES;
				CLANG_WARN__DUPLICATE_METHOD_MATCH = YES;
				COPY_PHASE_STRIP = NO;
				DEBUG_INFORMATION_FORMAT = "dwarf-with-dsym";
				ENABLE_NS_ASSERTIONS = NO;
				ENABLE_STRICT_OBJC_MSGSEND = YES;
				ENABLE_USER_SCRIPT_SANDBOXING = YES;
				GCC_C_LANGUAGE_STANDARD = gnu17;
				GCC_NO_COMMON_BLOCKS = YES;
				GCC_WARN_64_TO_32_BIT_CONVERSION = YES;
				GCC_WARN_ABOUT_RETURN_TYPE = YES_ERROR;
				GCC_WARN_UNDECLARED_SELECTOR = YES;
				GCC_WARN_UNINITIALIZED_AUTOS = YES_AGGRESSIVE;
				GCC_WARN_UNUSED_FUNCTION = YES;
				GCC_WARN_UNUSED_VARIABLE = YES;
				IPHONEOS_DEPLOYMENT_TARGET = 17.4;
				LOCALIZATION_PREFERS_STRING_CATALOGS = YES;
				MTL_ENABLE_DEBUG_INFO = NO;
				MTL_FAST_MATH = YES;
				SDKROOT = iphoneos;
				SWIFT_COMPILATION_MODE = wholemodule;
				VALIDATE_PRODUCT = YES;
			};
			name = Release;
		};
		00BF807B2B9EE21E00D257A1 /* Debug */ = {
			isa = XCBuildConfiguration;
			buildSettings = {
				ASSETCATALOG_COMPILER_APPICON_NAME = AppIcon;
				ASSETCATALOG_COMPILER_GLOBAL_ACCENT_COLOR_NAME = AccentColor;
				CODE_SIGN_STYLE = Automatic;
				CURRENT_PROJECT_VERSION = 1;
				DEVELOPMENT_ASSET_PATHS = "\"A-Frameworks/Preview Content\"";
				ENABLE_PREVIEWS = YES;
				GENERATE_INFOPLIST_FILE = YES;
				INFOPLIST_KEY_UIApplicationSceneManifest_Generation = YES;
				INFOPLIST_KEY_UIApplicationSupportsIndirectInputEvents = YES;
				INFOPLIST_KEY_UILaunchScreen_Generation = YES;
				INFOPLIST_KEY_UISupportedInterfaceOrientations_iPad = "UIInterfaceOrientationPortrait UIInterfaceOrientationPortraitUpsideDown UIInterfaceOrientationLandscapeLeft UIInterfaceOrientationLandscapeRight";
				INFOPLIST_KEY_UISupportedInterfaceOrientations_iPhone = "UIInterfaceOrientationPortrait UIInterfaceOrientationLandscapeLeft UIInterfaceOrientationLandscapeRight";
				LD_RUNPATH_SEARCH_PATHS = (
					"$(inherited)",
					"@executable_path/Frameworks",
				);
				MARKETING_VERSION = 1.0;
				PRODUCT_BUNDLE_IDENTIFIER = "FilGudInc.A-Frameworks";
				PRODUCT_NAME = "$(TARGET_NAME)";
				SWIFT_EMIT_LOC_STRINGS = YES;
				SWIFT_VERSION = 5.0;
				TARGETED_DEVICE_FAMILY = "1,2";
			};
			name = Debug;
		};
		00BF807C2B9EE21E00D257A1 /* Release */ = {
			isa = XCBuildConfiguration;
			buildSettings = {
				ASSETCATALOG_COMPILER_APPICON_NAME = AppIcon;
				ASSETCATALOG_COMPILER_GLOBAL_ACCENT_COLOR_NAME = AccentColor;
				CODE_SIGN_STYLE = Automatic;
				CURRENT_PROJECT_VERSION = 1;
				DEVELOPMENT_ASSET_PATHS = "\"A-Frameworks/Preview Content\"";
				ENABLE_PREVIEWS = YES;
				GENERATE_INFOPLIST_FILE = YES;
				INFOPLIST_KEY_UIApplicationSceneManifest_Generation = YES;
				INFOPLIST_KEY_UIApplicationSupportsIndirectInputEvents = YES;
				INFOPLIST_KEY_UILaunchScreen_Generation = YES;
				INFOPLIST_KEY_UISupportedInterfaceOrientations_iPad = "UIInterfaceOrientationPortrait UIInterfaceOrientationPortraitUpsideDown UIInterfaceOrientationLandscapeLeft UIInterfaceOrientationLandscapeRight";
				INFOPLIST_KEY_UISupportedInterfaceOrientations_iPhone = "UIInterfaceOrientationPortrait UIInterfaceOrientationLandscapeLeft UIInterfaceOrientationLandscapeRight";
				LD_RUNPATH_SEARCH_PATHS = (
					"$(inherited)",
					"@executable_path/Frameworks",
				);
				MARKETING_VERSION = 1.0;
				PRODUCT_BUNDLE_IDENTIFIER = "FilGudInc.A-Frameworks";
				PRODUCT_NAME = "$(TARGET_NAME)";
				SWIFT_EMIT_LOC_STRINGS = YES;
				SWIFT_VERSION = 5.0;
				TARGETED_DEVICE_FAMILY = "1,2";
			};
			name = Release;
		};
/* End XCBuildConfiguration section */

/* Begin XCConfigurationList section */
		00BF80672B9EE21B00D257A1 /* Build configuration list for PBXProject "A-Frameworks" */ = {
			isa = XCConfigurationList;
			buildConfigurations = (
				00BF80782B9EE21E00D257A1 /* Debug */,
				00BF80792B9EE21E00D257A1 /* Release */,
			);
			defaultConfigurationIsVisible = 0;
			defaultConfigurationName = Release;
		};
		00BF807A2B9EE21E00D257A1 /* Build configuration list for PBXNativeTarget "A-Frameworks" */ = {
			isa = XCConfigurationList;
			buildConfigurations = (
				00BF807B2B9EE21E00D257A1 /* Debug */,
				00BF807C2B9EE21E00D257A1 /* Release */,
			);
			defaultConfigurationIsVisible = 0;
			defaultConfigurationName = Release;
		};
/* End XCConfigurationList section */
	};
	rootObject = 00BF80642B9EE21B00D257A1 /* Project object */;
}
